
Microsoft Visual Studio Solution File, Format Version 12.00
# Visual Studio Version 16
VisualStudioVersion = 16.0.31019.35
MinimumVisualStudioVersion = 10.0.40219.1
Project("{FAE04EC0-301F-11D3-BF4B-00C04F79EFBC}") = "FinanceMentor.Server", "FinanceMentor\Server\FinanceMentor.Server.csproj", "{88728348-FC07-434D-9975-420735C712D9}"
EndProject
Project("{FAE04EC0-301F-11D3-BF4B-00C04F79EFBC}") = "FinanceMentor.Client", "FinanceMentor\Client\FinanceMentor.Client.csproj", "{EBF19044-213C-46CD-9C83-9D522D5D0E5F}"
EndProject
Project("{FAE04EC0-301F-11D3-BF4B-00C04F79EFBC}") = "FinanceMentor.Shared", "FinanceMentor\Shared\FinanceMentor.Shared.csproj", "{34C805F7-3510-42D7-A399-38501A7D27CA}"
EndProject
Global
	GlobalSection(SolutionConfigurationPlatforms) = preSolution
		Debug|Any CPU = Debug|Any CPU
		Release|Any CPU = Release|Any CPU
	EndGlobalSection
	GlobalSection(ProjectConfigurationPlatforms) = postSolution
		{88728348-FC07-434D-9975-420735C712D9}.Debug|Any CPU.ActiveCfg = Debug|Any CPU
		{88728348-FC07-434D-9975-420735C712D9}.Debug|Any CPU.Build.0 = Debug|Any CPU
		{88728348-FC07-434D-9975-420735C712D9}.Release|Any CPU.ActiveCfg = Release|Any CPU
		{88728348-FC07-434D-9975-420735C712D9}.Release|Any CPU.Build.0 = Release|Any CPU
		{EBF19044-213C-46CD-9C83-9D522D5D0E5F}.Debug|Any CPU.ActiveCfg = Debug|Any CPU
		{EBF19044-213C-46CD-9C83-9D522D5D0E5F}.Debug|Any CPU.Build.0 = Debug|Any CPU
		{EBF19044-213C-46CD-9C83-9D522D5D0E5F}.Release|Any CPU.ActiveCfg = Release|Any CPU
		{EBF19044-213C-46CD-9C83-9D522D5D0E5F}.Release|Any CPU.Build.0 = Release|Any CPU
		{34C805F7-3510-42D7-A399-38501A7D27CA}.Debug|Any CPU.ActiveCfg = Debug|Any CPU
		{34C805F7-3510-42D7-A399-38501A7D27CA}.Debug|Any CPU.Build.0 = Debug|Any CPU
		{34C805F7-3510-42D7-A399-38501A7D27CA}.Release|Any CPU.ActiveCfg = Release|Any CPU
		{34C805F7-3510-42D7-A399-38501A7D27CA}.Release|Any CPU.Build.0 = Release|Any CPU
	EndGlobalSection
	GlobalSection(SolutionProperties) = preSolution
		HideSolutionNode = FALSE
	EndGlobalSection
	GlobalSection(ExtensibilityGlobals) = postSolution
		SolutionGuid = {FE1C8533-376B-4008-AEF5-EB234D71B018}
	EndGlobalSection
EndGlobal
